// !$*UTF8*$!
{
	archiveVersion = 1;
	classes = {
	};
	objectVersion = 46;
	objects = {

/* Begin PBXBuildFile section */
		2E4CA928B56C54F80EF8ABC8 /* Views.swift in Sources */ = {isa = PBXBuildFile; fileRef = 2D1F3DE8F86087F841818697 /* Views.swift */; };
		5BB87A01572ECA6CBF0A38E1 /* CyclixWatchApp.swift in Sources */ = {isa = PBXBuildFile; fileRef = 25CFC5D7E09187286B55B6D3 /* CyclixWatchApp.swift */; };
		83A20411C910390149D48DCA /* Services.swift in Sources */ = {isa = PBXBuildFile; fileRef = 49FA2D1E142FE80DDD22A643 /* Services.swift */; };
		85D5885A502B577DE9933B67 /* Foundation.framework in Frameworks */ = {isa = PBXBuildFile; fileRef = B6557B94443D24B465495DAC /* Foundation.framework */; };
		D1C1E70BDFF0097B9580F9B3 /* Assets.xcassets in Resources */ = {isa = PBXBuildFile; fileRef = 586B351E1BBBCD8E5A39C5F8 /* Assets.xcassets */; };
		F2F92F24828CC20BCE75B622 /* Models.swift in Sources */ = {isa = PBXBuildFile; fileRef = 3E75EA7C9128168A55C63854 /* Models.swift */; };
/* End PBXBuildFile section */

/* Begin PBXFileReference section */
		25CFC5D7E09187286B55B6D3 /* CyclixWatchApp.swift */ = {isa = PBXFileReference; includeInIndex = 1; lastKnownFileType = sourcecode.swift; path = CyclixWatchApp.swift; sourceTree = "<group>"; };
		2D1F3DE8F86087F841818697 /* Views.swift */ = {isa = PBXFileReference; includeInIndex = 1; lastKnownFileType = sourcecode.swift; path = Views.swift; sourceTree = "<group>"; };
		3E75EA7C9128168A55C63854 /* Models.swift */ = {isa = PBXFileReference; includeInIndex = 1; lastKnownFileType = sourcecode.swift; path = Models.swift; sourceTree = "<group>"; };
		49FA2D1E142FE80DDD22A643 /* Services.swift */ = {isa = PBXFileReference; includeInIndex = 1; lastKnownFileType = sourcecode.swift; path = Services.swift; sourceTree = "<group>"; };
		56C6BF4C17E20B52B0AA9E84 /* CyclixWatch.app */ = {isa = PBXFileReference; explicitFileType = wrapper.application; includeInIndex = 0; path = CyclixWatch.app; sourceTree = BUILT_PRODUCTS_DIR; };
		586B351E1BBBCD8E5A39C5F8 /* Assets.xcassets */ = {isa = PBXFileReference; includeInIndex = 1; lastKnownFileType = folder.assetcatalog; path = Assets.xcassets; sourceTree = "<group>"; };
		B6557B94443D24B465495DAC /* Foundation.framework */ = {isa = PBXFileReference; lastKnownFileType = wrapper.framework; name = Foundation.framework; path = Platforms/WatchOS.platform/Developer/SDKs/WatchOS11.0.sdk/System/Library/Frameworks/Foundation.framework; sourceTree = DEVELOPER_DIR; };
/* End PBXFileReference section */

/* Begin PBXFrameworksBuildPhase section */
		3669D48B6DAFA591A4C64C2A /* Frameworks */ = {
			isa = PBXFrameworksBuildPhase;
			buildActionMask = 2147483647;
			files = (
				85D5885A502B577DE9933B67 /* Foundation.framework in Frameworks */,
			);
			runOnlyForDeploymentPostprocessing = 0;
		};
/* End PBXFrameworksBuildPhase section */

/* Begin PBXGroup section */
		0466AF4F36DD231AE4598037 = {
			isa = PBXGroup;
			children = (
				B43FEED757234C6286535FC5 /* Products */,
				A779F77C19C9F388C3A22383 /* Frameworks */,
				1D35D394E1A60E2793CD0FCA /* CyclixWatch */,
			);
			sourceTree = "<group>";
		};
		0D9345B64DA9C72B28BD56F4 /* Sources */ = {
			isa = PBXGroup;
			children = (
				25CFC5D7E09187286B55B6D3 /* CyclixWatchApp.swift */,
				3E75EA7C9128168A55C63854 /* Models.swift */,
				49FA2D1E142FE80DDD22A643 /* Services.swift */,
				2D1F3DE8F86087F841818697 /* Views.swift */,
			);
			path = Sources;
			sourceTree = "<group>";
		};
		1D35D394E1A60E2793CD0FCA /* CyclixWatch */ = {
			isa = PBXGroup;
			children = (
				0D9345B64DA9C72B28BD56F4 /* Sources */,
				586B351E1BBBCD8E5A39C5F8 /* Assets.xcassets */,
			);
			name = CyclixWatch;
			path = .;
			sourceTree = "<group>";
		};
		A651793C980878FA4310B970 /* watchOS */ = {
			isa = PBXGroup;
			children = (
				B6557B94443D24B465495DAC /* Foundation.framework */,
			);
			name = watchOS;
			sourceTree = "<group>";
		};
		A779F77C19C9F388C3A22383 /* Frameworks */ = {
			isa = PBXGroup;
			children = (
				A651793C980878FA4310B970 /* watchOS */,
			);
			name = Frameworks;
			sourceTree = "<group>";
		};
		B43FEED757234C6286535FC5 /* Products */ = {
			isa = PBXGroup;
			children = (
				56C6BF4C17E20B52B0AA9E84 /* CyclixWatch.app */,
			);
			name = Products;
			sourceTree = "<group>";
		};
/* End PBXGroup section */

/* Begin PBXNativeTarget section */
		A26F2D7F965D8FB87190C196 /* CyclixWatch */ = {
			isa = PBXNativeTarget;
			buildConfigurationList = 0594C1C7A0B14905502BC5DF /* Build configuration list for PBXNativeTarget "CyclixWatch" */;
			buildPhases = (
				B7963DE8316AAF8A2CC378AC /* Sources */,
				3669D48B6DAFA591A4C64C2A /* Frameworks */,
				82EBB2AB6E5CE7D892B96652 /* Resources */,
			);
			buildRules = (
			);
			dependencies = (
			);
			name = CyclixWatch;
			productName = CyclixWatch;
			productReference = 56C6BF4C17E20B52B0AA9E84 /* CyclixWatch.app */;
			productType = "com.apple.product-type.application";
		};
/* End PBXNativeTarget section */

/* Begin PBXProject section */
		BB4E5DFC91B5F6EADD932FB9 /* Project object */ = {
			isa = PBXProject;
			attributes = {
				LastSwiftUpdateCheck = 2600;
				LastUpgradeCheck = 2600;
				TargetAttributes = {
					A26F2D7F965D8FB87190C196 = {
						DevelopmentTeam = 944VS3P2G8;
						ProvisioningStyle = Automatic;
					};
				};
			};
			buildConfigurationList = 649D78ACA3B997246266FBDC /* Build configuration list for PBXProject "CyclixWatch" */;
			compatibilityVersion = "Xcode 3.2";
			developmentRegion = en;
			hasScannedForEncodings = 0;
			knownRegions = (
				en,
				Base,
			);
			mainGroup = 0466AF4F36DD231AE4598037;
			productRefGroup = B43FEED757234C6286535FC5 /* Products */;
			projectDirPath = "";
			projectRoot = "";
			targets = (
				A26F2D7F965D8FB87190C196 /* CyclixWatch */,
			);
		};
/* End PBXProject section */

/* Begin PBXResourcesBuildPhase section */
		82EBB2AB6E5CE7D892B96652 /* Resources */ = {
			isa = PBXResourcesBuildPhase;
			buildActionMask = 2147483647;
			files = (
				D1C1E70BDFF0097B9580F9B3 /* Assets.xcassets in Resources */,
			);
			runOnlyForDeploymentPostprocessing = 0;
		};
/* End PBXResourcesBuildPhase section */

/* Begin PBXSourcesBuildPhase section */
		B7963DE8316AAF8A2CC378AC /* Sources */ = {
			isa = PBXSourcesBuildPhase;
			buildActionMask = 2147483647;
			files = (
				5BB87A01572ECA6CBF0A38E1 /* CyclixWatchApp.swift in Sources */,
				F2F92F24828CC20BCE75B622 /* Models.swift in Sources */,
				83A20411C910390149D48DCA /* Services.swift in Sources */,
				2E4CA928B56C54F80EF8ABC8 /* Views.swift in Sources */,
			);
			runOnlyForDeploymentPostprocessing = 0;
		};
/* End PBXSourcesBuildPhase section */

/* Begin XCBuildConfiguration section */
		126B097A69E599549B12E4D4 /* Release */ = {
			isa = XCBuildConfiguration;
			buildSettings = {
				ALWAYS_EMBED_SWIFT_STANDARD_LIBRARIES = YES;
				ASSETCATALOG_COMPILER_APPICON_NAME = AppIcon;
				ASSETCATALOG_COMPILER_GLOBAL_ACCENT_COLOR_NAME = AccentColor;
				CODE_SIGN_STYLE = Automatic;
				CURRENT_PROJECT_VERSION = 1;
				DEVELOPMENT_TEAM = 944VS3P2G8;
				GENERATE_INFOPLIST_FILE = YES;
				INFOPLIST_KEY_CFBundleDisplayName = "Cyclix Watch";
				INFOPLIST_KEY_NSBluetoothAlwaysUsageDescription = "Cyclix necesita Bluetooth para desbloquear y bloquear bicicletas por BLE desde el Apple Watch.";
				INFOPLIST_KEY_NSLocationWhenInUseUsageDescription = "Cyclix necesita tu ubicación para validar zonas y mostrar la estación más cercana.";
				INFOPLIST_KEY_WKApplication = YES;
				INFOPLIST_KEY_WKCompanionAppBundleIdentifier = com.example.cyclixMapaDetalle;
				LD_RUNPATH_SEARCH_PATHS = "$(inherited) @executable_path/Frameworks";
				MARKETING_VERSION = 1.0;
				PRODUCT_BUNDLE_IDENTIFIER = com.example.cyclixMapaDetalle.watchkitapp;
				PRODUCT_NAME = "$(TARGET_NAME)";
				SDKROOT = watchos;
				SKIP_INSTALL = NO;
				SWIFT_EMIT_LOC_STRINGS = YES;
				SWIFT_VERSION = 5.0;
				TARGETED_DEVICE_FAMILY = 4;
				VALIDATE_PRODUCT = YES;
				WATCHOS_DEPLOYMENT_TARGET = 10.0;
			};
			name = Release;
		};
		19B79ABA869EAC05B0C83C6C /* Debug */ = {
			isa = XCBuildConfiguration;
			buildSettings = {
				ALWAYS_EMBED_SWIFT_STANDARD_LIBRARIES = YES;
				ASSETCATALOG_COMPILER_APPICON_NAME = AppIcon;
				ASSETCATALOG_COMPILER_GLOBAL_ACCENT_COLOR_NAME = AccentColor;
				CODE_SIGN_STYLE = Automatic;
				CURRENT_PROJECT_VERSION = 1;
				DEVELOPMENT_TEAM = 944VS3P2G8;
				GENERATE_INFOPLIST_FILE = YES;
				INFOPLIST_KEY_CFBundleDisplayName = "Cyclix Watch";
				INFOPLIST_KEY_NSBluetoothAlwaysUsageDescription = "Cyclix necesita Bluetooth para desbloquear y bloquear bicicletas por BLE desde el Apple Watch.";
				INFOPLIST_KEY_NSLocationWhenInUseUsageDescription = "Cyclix necesita tu ubicación para validar zonas y mostrar la estación más cercana.";
				INFOPLIST_KEY_WKApplication = YES;
				INFOPLIST_KEY_WKCompanionAppBundleIdentifier = com.example.cyclixMapaDetalle;
				LD_RUNPATH_SEARCH_PATHS = "$(inherited) @executable_path/Frameworks";
				MARKETING_VERSION = 1.0;
				PRODUCT_BUNDLE_IDENTIFIER = com.example.cyclixMapaDetalle.watchkitapp;
				PRODUCT_NAME = "$(TARGET_NAME)";
				SDKROOT = watchos;
				SKIP_INSTALL = NO;
				SWIFT_EMIT_LOC_STRINGS = YES;
				SWIFT_VERSION = 5.0;
				TARGETED_DEVICE_FAMILY = 4;
				WATCHOS_DEPLOYMENT_TARGET = 10.0;
			};
			name = Debug;
		};
		DAA9124C79085D5778C6E390 /* Debug */ = {
			isa = XCBuildConfiguration;
			buildSettings = {
				ALWAYS_SEARCH_USER_PATHS = NO;
				CLANG_ANALYZER_NONNULL = YES;
				CLANG_ANALYZER_NUMBER_OBJECT_CONVERSION = YES_AGGRESSIVE;
				CLANG_CXX_LANGUAGE_STANDARD = "gnu++14";
				CLANG_CXX_LIBRARY = "libc++";
				CLANG_ENABLE_MODULES = YES;
				CLANG_ENABLE_OBJC_ARC = YES;
				CLANG_ENABLE_OBJC_WEAK = YES;
				CLANG_WARN_BLOCK_CAPTURE_AUTORELEASING = YES;
				CLANG_WARN_BOOL_CONVERSION = YES;
				CLANG_WARN_COMMA = YES;
				CLANG_WARN_CONSTANT_CONVERSION = YES;
				CLANG_WARN_DEPRECATED_OBJC_IMPLEMENTATIONS = YES;
				CLANG_WARN_DIRECT_OBJC_ISA_USAGE = YES_ERROR;
				CLANG_WARN_DOCUMENTATION_COMMENTS = YES;
				CLANG_WARN_EMPTY_BODY = YES;
				CLANG_WARN_ENUM_CONVERSION = YES;
				CLANG_WARN_INFINITE_RECURSION = YES;
				CLANG_WARN_INT_CONVERSION = YES;
				CLANG_WARN_NON_LITERAL_NULL_CONVERSION = YES;
				CLANG_WARN_OBJC_IMPLICIT_RETAIN_SELF = YES;
				CLANG_WARN_OBJC_LITERAL_CONVERSION = YES;
				CLANG_WARN_OBJC_ROOT_CLASS = YES_ERROR;
				CLANG_WARN_QUOTED_INCLUDE_IN_FRAMEWORK_HEADER = YES;
				CLANG_WARN_RANGE_LOOP_ANALYSIS = YES;
				CLANG_WARN_STRICT_PROTOTYPES = YES;
				CLANG_WARN_SUSPICIOUS_MOVE = YES;
				CLANG_WARN_UNGUARDED_AVAILABILITY = YES_AGGRESSIVE;
				CLANG_WARN_UNREACHABLE_CODE = YES;
				CLANG_WARN__DUPLICATE_METHOD_MATCH = YES;
				COPY_PHASE_STRIP = NO;
				DEBUG_INFORMATION_FORMAT = dwarf;
				DEVELOPMENT_TEAM = 944VS3P2G8;
				ENABLE_STRICT_OBJC_MSGSEND = YES;
				ENABLE_TESTABILITY = YES;
				GCC_C_LANGUAGE_STANDARD = gnu11;
				GCC_DYNAMIC_NO_PIC = NO;
				GCC_NO_COMMON_BLOCKS = YES;
				GCC_OPTIMIZATION_LEVEL = 0;
				GCC_PREPROCESSOR_DEFINITIONS = (
					"DEBUG=1",
					"$(inherited)",
				);
				GCC_WARN_64_TO_32_BIT_CONVERSION = YES;
				GCC_WARN_ABOUT_RETURN_TYPE = YES_ERROR;
				GCC_WARN_UNDECLARED_SELECTOR = YES;
				GCC_WARN_UNINITIALIZED_AUTOS = YES_AGGRESSIVE;
				GCC_WARN_UNUSED_FUNCTION = YES;
				GCC_WARN_UNUSED_VARIABLE = YES;
				MTL_ENABLE_DEBUG_INFO = INCLUDE_SOURCE;
				MTL_FAST_MATH = YES;
				ONLY_ACTIVE_ARCH = YES;
				PRODUCT_NAME = "$(TARGET_NAME)";
				SWIFT_ACTIVE_COMPILATION_CONDITIONS = DEBUG;
				SWIFT_OPTIMIZATION_LEVEL = "-Onone";
				SWIFT_VERSION = 5.0;
			};
			name = Debug;
		};
		EDBEBC5214814C2AACA0C24C /* Release */ = {
			isa = XCBuildConfiguration;
			buildSettings = {
				ALWAYS_SEARCH_USER_PATHS = NO;
				CLANG_ANALYZER_NONNULL = YES;
				CLANG_ANALYZER_NUMBER_OBJECT_CONVERSION = YES_AGGRESSIVE;
				CLANG_CXX_LANGUAGE_STANDARD = "gnu++14";
				CLANG_CXX_LIBRARY = "libc++";
				CLANG_ENABLE_MODULES = YES;
				CLANG_ENABLE_OBJC_ARC = YES;
				CLANG_ENABLE_OBJC_WEAK = YES;
				CLANG_WARN_BLOCK_CAPTURE_AUTORELEASING = YES;
				CLANG_WARN_BOOL_CONVERSION = YES;
				CLANG_WARN_COMMA = YES;
				CLANG_WARN_CONSTANT_CONVERSION = YES;
				CLANG_WARN_DEPRECATED_OBJC_IMPLEMENTATIONS = YES;
				CLANG_WARN_DIRECT_OBJC_ISA_USAGE = YES_ERROR;
				CLANG_WARN_DOCUMENTATION_COMMENTS = YES;
				CLANG_WARN_EMPTY_BODY = YES;
				CLANG_WARN_ENUM_CONVERSION = YES;
				CLANG_WARN_INFINITE_RECURSION = YES;
				CLANG_WARN_INT_CONVERSION = YES;
				CLANG_WARN_NON_LITERAL_NULL_CONVERSION = YES;
				CLANG_WARN_OBJC_IMPLICIT_RETAIN_SELF = YES;
				CLANG_WARN_OBJC_LITERAL_CONVERSION = YES;
				CLANG_WARN_OBJC_ROOT_CLASS = YES_ERROR;
				CLANG_WARN_QUOTED_INCLUDE_IN_FRAMEWORK_HEADER = YES;
				CLANG_WARN_RANGE_LOOP_ANALYSIS = YES;
				CLANG_WARN_STRICT_PROTOTYPES = YES;
				CLANG_WARN_SUSPICIOUS_MOVE = YES;
				CLANG_WARN_UNGUARDED_AVAILABILITY = YES_AGGRESSIVE;
				CLANG_WARN_UNREACHABLE_CODE = YES;
				CLANG_WARN__DUPLICATE_METHOD_MATCH = YES;
				COPY_PHASE_STRIP = NO;
				DEBUG_INFORMATION_FORMAT = "dwarf-with-dsym";
				DEVELOPMENT_TEAM = 944VS3P2G8;
				ENABLE_NS_ASSERTIONS = NO;
				ENABLE_STRICT_OBJC_MSGSEND = YES;
				GCC_C_LANGUAGE_STANDARD = gnu11;
				GCC_NO_COMMON_BLOCKS = YES;
				GCC_WARN_64_TO_32_BIT_CONVERSION = YES;
				GCC_WARN_ABOUT_RETURN_TYPE = YES_ERROR;
				GCC_WARN_UNDECLARED_SELECTOR = YES;
				GCC_WARN_UNINITIALIZED_AUTOS = YES_AGGRESSIVE;
				GCC_WARN_UNUSED_FUNCTION = YES;
				GCC_WARN_UNUSED_VARIABLE = YES;
				MTL_ENABLE_DEBUG_INFO = NO;
				MTL_FAST_MATH = YES;
				PRODUCT_NAME = "$(TARGET_NAME)";
				SWIFT_OPTIMIZATION_LEVEL = "-Owholemodule";
				SWIFT_VERSION = 5.0;
			};
			name = Release;
		};
/* End XCBuildConfiguration section */

/* Begin XCConfigurationList section */
		0594C1C7A0B14905502BC5DF /* Build configuration list for PBXNativeTarget "CyclixWatch" */ = {
			isa = XCConfigurationList;
			buildConfigurations = (
				126B097A69E599549B12E4D4 /* Release */,
				19B79ABA869EAC05B0C83C6C /* Debug */,
			);
			defaultConfigurationIsVisible = 0;
			defaultConfigurationName = Release;
		};
		649D78ACA3B997246266FBDC /* Build configuration list for PBXProject "CyclixWatch" */ = {
			isa = XCConfigurationList;
			buildConfigurations = (
				DAA9124C79085D5778C6E390 /* Debug */,
				EDBEBC5214814C2AACA0C24C /* Release */,
			);
			defaultConfigurationIsVisible = 0;
			defaultConfigurationName = Release;
		};
/* End XCConfigurationList section */
	};
	rootObject = BB4E5DFC91B5F6EADD932FB9 /* Project object */;
}
